Microsoft Visual Studio Solution File, Format Version 12.00
# Visual Studio Version 17
VisualStudioVersion = 17.5.2.0
MinimumVisualStudioVersion = 10.0.40219.1
Project("{FAE04EC0-301F-11D3-BF4B-00C04F79EFBC}") = "Demo.McpServer", "Demo.McpServer\Demo.McpServer.csproj", "{F3F0FEDE-2B66-4B50-FDE9-32216A5AFAA1}"
EndProject
Project("{FAE04EC0-301F-11D3-BF4B-00C04F79EFBC}") = "Demo.McpClient", "Demo.McpClient\Demo.McpClient.csproj", "{9695154B-F59F-717C-7836-EF9BBFAA2584}"
EndProject
Global
	GlobalSection(SolutionConfigurationPlatforms) = preSolution
		Debug|Any CPU = Debug|Any CPU
		Release|Any CPU = Release|Any CPU
	EndGlobalSection
	GlobalSection(ProjectConfigurationPlatforms) = postSolution
		{F3F0FEDE-2B66-4B50-FDE9-32216A5AFAA1}.Debug|Any CPU.ActiveCfg = Debug|Any CPU
		{F3F0FEDE-2B66-4B50-FDE9-32216A5AFAA1}.Debug|Any CPU.Build.0 = Debug|Any CPU
		{F3F0FEDE-2B66-4B50-FDE9-32216A5AFAA1}.Release|Any CPU.ActiveCfg = Release|Any CPU
		{F3F0FEDE-2B66-4B50-FDE9-32216A5AFAA1}.Release|Any CPU.Build.0 = Release|Any CPU
		{9695154B-F59F-717C-7836-EF9BBFAA2584}.Debug|Any CPU.ActiveCfg = Debug|Any CPU
		{9695154B-F59F-717C-7836-EF9BBFAA2584}.Debug|Any CPU.Build.0 = Debug|Any CPU
		{9695154B-F59F-717C-7836-EF9BBFAA2584}.Release|Any CPU.ActiveCfg = Release|Any CPU
		{9695154B-F59F-717C-7836-EF9BBFAA2584}.Release|Any CPU.Build.0 = Release|Any CPU
	EndGlobalSection
	GlobalSection(SolutionProperties) = preSolution
		HideSolutionNode = FALSE
	EndGlobalSection
	GlobalSection(ExtensibilityGlobals) = postSolution
		SolutionGuid = {9F2142BA-67BB-40C5-9B52-75C418E9B53D}
	EndGlobalSection
EndGlobal
